// !$*UTF8*$!
{
	archiveVersion = 1;
	classes = {};
	objectVersion = 56;
	objects = {
/* Begin PBXBuildFile section */
		E5D4C3B2A1F6E5D4C3B2A1F6 /* SettingsView.swift */ = {isa = PBXBuildFile; fileRef = B2C3D4E5F6A1B2C3D4E5F6A1; };
		F6E5D4C3B2A1F6E5D4C3B2A1 /* GPTSummaryService.swift */ = {isa = PBXBuildFile; fileRef = A1B2C3D4E5F6A1B2C3D4E5F6; };
		29860D75AA21445B847AF947 /* InterviewRecording.swift */ = {isa = PBXBuildFile; fileRef = C3138B2B3688461C9626CEB2; };
		D7A348BC4C544E65BE3F1C62 /* InterviewRecordingService.swift */ = {isa = PBXBuildFile; fileRef = 05BA58F2E98544F4A7233F94; };
		59DB56878DC744EF819F74F9 /* TranscriptionService.swift */ = {isa = PBXBuildFile; fileRef = B45E8747CD1849639598541C; };
		C1C38D3CEF6F405C8350D926 /* PremiereXMLExporter.swift */ = {isa = PBXBuildFile; fileRef = 25CA0704DB4544C6B156D176; };
		9CAEC8A8B1A14610B59D86C7 /* InterviewRecorderView.swift */ = {isa = PBXBuildFile; fileRef = 959E489947154E4689AE22C9; };
		810644ECECEB4BE89B19943D /* RecordingBannerView.swift */ = {isa = PBXBuildFile; fileRef = 5A0BF5429261422999B860B2; };
		B3040EC6E99041F9B7BA063E /* RecordingDetailView.swift */ = {isa = PBXBuildFile; fileRef = 6E62AF85E2EF4F8790E0CC31; };
		D2E678C3DDE64B06AB02CA80 /* DirectorDeckApp.swift */ = {isa = PBXBuildFile; fileRef = 4B4C676D42C1435DBDD1600D; };
		9C5F2223D2DE4DBB9C881CD9 /* CreativeBrief.swift */ = {isa = PBXBuildFile; fileRef = 8980CB8A97A14975807804DF; };
		71CC866D955847708AB562A3 /* ImportedDocument.swift */ = {isa = PBXBuildFile; fileRef = 95A51FCC7B5F448A94D00DFC; };
		5386B59DBF1B47B2A596BE53 /* InterviewQuestion.swift */ = {isa = PBXBuildFile; fileRef = 1C2AA69221DD4FFE87A7A991; };
		F258D4B6CEE4490C85F61C25 /* Project.swift */ = {isa = PBXBuildFile; fileRef = EB3CDCD87E7B4C05917FDACA; };
		B76F8917BFBF4A80BFC6E39A /* ShotListItem.swift */ = {isa = PBXBuildFile; fileRef = 75D2AD15CA574A5E9E61ADE0; };
		F70B75DE4B1D4A70B6FF444B /* StoryboardCard.swift */ = {isa = PBXBuildFile; fileRef = 6B7ACFF6E8104D2087235B50; };
		5F77A82B08E74D2EB602884D /* DrawingCanvas.swift */ = {isa = PBXBuildFile; fileRef = 15F4DD5A28D24C16AA6B69F9; };
		C59BCAB210B64C54900776C7 /* Theme.swift */ = {isa = PBXBuildFile; fileRef = B73D7B7654674FEE990B22AF; };
		79D08099BFC849E793C585D4 /* ContentView.swift */ = {isa = PBXBuildFile; fileRef = 804D46F810294AD3B5EAA012; };
		309B69014F3B44CF8A6D3CE7 /* SidebarView.swift */ = {isa = PBXBuildFile; fileRef = 1786103EBF5343B8AFA752E8; };
		B4E34A3692B645EAB7FEA5C9 /* StoryboardGridView.swift */ = {isa = PBXBuildFile; fileRef = EE246238420A4699B83863E3; };
		9F245B9A4FB140D3B0F84B4D /* NewProjectSheet.swift */ = {isa = PBXBuildFile; fileRef = 41A63E37B0414631B3AF4F43; };
		49136A71F58C437C904DC2FC /* ProjectSectionsView.swift */ = {isa = PBXBuildFile; fileRef = E66663578B9546529636A176; };
		E9C582E1D93D49948A5EBC73 /* ShotListView.swift */ = {isa = PBXBuildFile; fileRef = 5A0E1048C6B9475A98239B61; };
		DC7ACFC378074D84970D7886 /* ShootDayView.swift */ = {isa = PBXBuildFile; fileRef = 754F05145D024767851086EC; };
		6EB64EE1FDF74C379B0A2FC2 /* DocumentsView.swift */ = {isa = PBXBuildFile; fileRef = E4F71F565D3F450E95BF6B94; };
		BC2454A01D45401C8AE2EB38 /* InterviewsListView.swift */ = {isa = PBXBuildFile; fileRef = FD39D3F2FB62458CA33CECAF; };
		3DA617DAB48144B7B9E149D8 /* BriefsListView.swift */ = {isa = PBXBuildFile; fileRef = 9E35BE0E11D64BC48832FA52; };
		3E91BE9831644E51AD471882 /* DocumentPickerService.swift */ = {isa = PBXBuildFile; fileRef = 8076536BAF714ABF8C4EBC6A; };
		4EA81B43BD9D42C89C471AC9 /* PDFViewerService.swift */ = {isa = PBXBuildFile; fileRef = 2193B5EBFDDD4A4A95397956; };
		CB7FE6FD01F94DA2B88E13BD /* SampleDataService.swift */ = {isa = PBXBuildFile; fileRef = 987E302A40614B98A132B7FC; };
		477FA4FF86414FBA82F0F271 /* ScreenshotMode.swift */ = {isa = PBXBuildFile; fileRef = C130CCA79D3D46C4B292F730; };
		E7E889EBE4774D34A720DFF9 /* Assets.xcassets */ = {isa = PBXBuildFile; fileRef = 5F3FE12C6AEF4A3B966F132C; };
		D456C01EDAA04BC5A933D061 /* ScreenshotTests.swift */ = {isa = PBXBuildFile; fileRef = C41D2B93A8EC43EAB6980FA1; };
/* End PBXBuildFile section */
/* Begin PBXContainerItemProxy section */
		808D2787D8094CCBA53FB2C7 = {isa = PBXContainerItemProxy; containerPortal = 38BD3F127AF04781B3F5806C; proxyType = 1; remoteGlobalIDString = E01B78BB086B48AF802E3B1E; remoteInfo = DirectorDeck; };
/* End PBXContainerItemProxy section */
/* Begin PBXFileReference section */
		B2C3D4E5F6A1B2C3D4E5F6A1 /* SettingsView.swift */ = {isa = PBXFileReference; lastKnownFileType = sourcecode.swift; path = SettingsView.swift; sourceTree = "<group>"; };
		A1B2C3D4E5F6A1B2C3D4E5F6 /* GPTSummaryService.swift */ = {isa = PBXFileReference; lastKnownFileType = sourcecode.swift; path = GPTSummaryService.swift; sourceTree = "<group>"; };
		C3138B2B3688461C9626CEB2 /* InterviewRecording.swift */ = {isa = PBXFileReference; lastKnownFileType = sourcecode.swift; path = InterviewRecording.swift; sourceTree = "<group>"; };
		05BA58F2E98544F4A7233F94 /* InterviewRecordingService.swift */ = {isa = PBXFileReference; lastKnownFileType = sourcecode.swift; path = InterviewRecordingService.swift; sourceTree = "<group>"; };
		B45E8747CD1849639598541C /* TranscriptionService.swift */ = {isa = PBXFileReference; lastKnownFileType = sourcecode.swift; path = TranscriptionService.swift; sourceTree = "<group>"; };
		25CA0704DB4544C6B156D176 /* PremiereXMLExporter.swift */ = {isa = PBXFileReference; lastKnownFileType = sourcecode.swift; path = PremiereXMLExporter.swift; sourceTree = "<group>"; };
		959E489947154E4689AE22C9 /* InterviewRecorderView.swift */ = {isa = PBXFileReference; lastKnownFileType = sourcecode.swift; path = InterviewRecorderView.swift; sourceTree = "<group>"; };
		5A0BF5429261422999B860B2 /* RecordingBannerView.swift */ = {isa = PBXFileReference; lastKnownFileType = sourcecode.swift; path = RecordingBannerView.swift; sourceTree = "<group>"; };
		6E62AF85E2EF4F8790E0CC31 /* RecordingDetailView.swift */ = {isa = PBXFileReference; lastKnownFileType = sourcecode.swift; path = RecordingDetailView.swift; sourceTree = "<group>"; };
		4B4C676D42C1435DBDD1600D /* DirectorDeckApp.swift */ = {isa = PBXFileReference; lastKnownFileType = sourcecode.swift; path = DirectorDeckApp.swift; sourceTree = "<group>"; };
		8980CB8A97A14975807804DF /* CreativeBrief.swift */ = {isa = PBXFileReference; lastKnownFileType = sourcecode.swift; path = CreativeBrief.swift; sourceTree = "<group>"; };
		95A51FCC7B5F448A94D00DFC /* ImportedDocument.swift */ = {isa = PBXFileReference; lastKnownFileType = sourcecode.swift; path = ImportedDocument.swift; sourceTree = "<group>"; };
		1C2AA69221DD4FFE87A7A991 /* InterviewQuestion.swift */ = {isa = PBXFileReference; lastKnownFileType = sourcecode.swift; path = InterviewQuestion.swift; sourceTree = "<group>"; };
		EB3CDCD87E7B4C05917FDACA /* Project.swift */ = {isa = PBXFileReference; lastKnownFileType = sourcecode.swift; path = Project.swift; sourceTree = "<group>"; };
		75D2AD15CA574A5E9E61ADE0 /* ShotListItem.swift */ = {isa = PBXFileReference; lastKnownFileType = sourcecode.swift; path = ShotListItem.swift; sourceTree = "<group>"; };
		6B7ACFF6E8104D2087235B50 /* StoryboardCard.swift */ = {isa = PBXFileReference; lastKnownFileType = sourcecode.swift; path = StoryboardCard.swift; sourceTree = "<group>"; };
		15F4DD5A28D24C16AA6B69F9 /* DrawingCanvas.swift */ = {isa = PBXFileReference; lastKnownFileType = sourcecode.swift; path = DrawingCanvas.swift; sourceTree = "<group>"; };
		B73D7B7654674FEE990B22AF /* Theme.swift */ = {isa = PBXFileReference; lastKnownFileType = sourcecode.swift; path = Theme.swift; sourceTree = "<group>"; };
		804D46F810294AD3B5EAA012 /* ContentView.swift */ = {isa = PBXFileReference; lastKnownFileType = sourcecode.swift; path = ContentView.swift; sourceTree = "<group>"; };
		1786103EBF5343B8AFA752E8 /* SidebarView.swift */ = {isa = PBXFileReference; lastKnownFileType = sourcecode.swift; path = SidebarView.swift; sourceTree = "<group>"; };
		EE246238420A4699B83863E3 /* StoryboardGridView.swift */ = {isa = PBXFileReference; lastKnownFileType = sourcecode.swift; path = StoryboardGridView.swift; sourceTree = "<group>"; };
		41A63E37B0414631B3AF4F43 /* NewProjectSheet.swift */ = {isa = PBXFileReference; lastKnownFileType = sourcecode.swift; path = NewProjectSheet.swift; sourceTree = "<group>"; };
		E66663578B9546529636A176 /* ProjectSectionsView.swift */ = {isa = PBXFileReference; lastKnownFileType = sourcecode.swift; path = ProjectSectionsView.swift; sourceTree = "<group>"; };
		5A0E1048C6B9475A98239B61 /* ShotListView.swift */ = {isa = PBXFileReference; lastKnownFileType = sourcecode.swift; path = ShotListView.swift; sourceTree = "<group>"; };
		754F05145D024767851086EC /* ShootDayView.swift */ = {isa = PBXFileReference; lastKnownFileType = sourcecode.swift; path = ShootDayView.swift; sourceTree = "<group>"; };
		E4F71F565D3F450E95BF6B94 /* DocumentsView.swift */ = {isa = PBXFileReference; lastKnownFileType = sourcecode.swift; path = DocumentsView.swift; sourceTree = "<group>"; };
		FD39D3F2FB62458CA33CECAF /* InterviewsListView.swift */ = {isa = PBXFileReference; lastKnownFileType = sourcecode.swift; path = InterviewsListView.swift; sourceTree = "<group>"; };
		9E35BE0E11D64BC48832FA52 /* BriefsListView.swift */ = {isa = PBXFileReference; lastKnownFileType = sourcecode.swift; path = BriefsListView.swift; sourceTree = "<group>"; };
		8076536BAF714ABF8C4EBC6A /* DocumentPickerService.swift */ = {isa = PBXFileReference; lastKnownFileType = sourcecode.swift; path = DocumentPickerService.swift; sourceTree = "<group>"; };
		2193B5EBFDDD4A4A95397956 /* PDFViewerService.swift */ = {isa = PBXFileReference; lastKnownFileType = sourcecode.swift; path = PDFViewerService.swift; sourceTree = "<group>"; };
		987E302A40614B98A132B7FC /* SampleDataService.swift */ = {isa = PBXFileReference; lastKnownFileType = sourcecode.swift; path = SampleDataService.swift; sourceTree = "<group>"; };
		C130CCA79D3D46C4B292F730 /* ScreenshotMode.swift */ = {isa = PBXFileReference; lastKnownFileType = sourcecode.swift; path = ScreenshotMode.swift; sourceTree = "<group>"; };
		5F3FE12C6AEF4A3B966F132C = {isa = PBXFileReference; lastKnownFileType = folder.assetcatalog; path = Assets.xcassets; sourceTree = "<group>"; };
		10A546B6221A40DC9EF42117 = {isa = PBXFileReference; explicitFileType = wrapper.application; includeInIndex = 0; path = DirectorDeck.app; sourceTree = BUILT_PRODUCTS_DIR; };
		C41D2B93A8EC43EAB6980FA1 /* ScreenshotTests.swift */ = {isa = PBXFileReference; lastKnownFileType = sourcecode.swift; path = ScreenshotTests.swift; sourceTree = "<group>"; };
		C79B0824C13746C3AF970DF1 = {isa = PBXFileReference; explicitFileType = wrapper.cfbundle; includeInIndex = 0; path = DirectorDeckUITests.xctest; sourceTree = BUILT_PRODUCTS_DIR; };
/* End PBXFileReference section */
/* Begin PBXGroup section */
		5A5D09B8AC8647BB8095F27F = {isa = PBXGroup; children = (3894B4ECE23D4E2E99A6AEEB /* DirectorDeck */, F867AC6B2B994421B9230BB9 /* UITests */, B291D81DA7534155AE95FEDC /* Products */); sourceTree = "<group>"; };
		B291D81DA7534155AE95FEDC /* Products */ = {isa = PBXGroup; children = (10A546B6221A40DC9EF42117, C79B0824C13746C3AF970DF1); name = Products; sourceTree = "<group>"; };
		F867AC6B2B994421B9230BB9 /* UITests */ = {isa = PBXGroup; children = (C41D2B93A8EC43EAB6980FA1); path = UITests; sourceTree = "<group>"; };
		3894B4ECE23D4E2E99A6AEEB /* DirectorDeck */ = {isa = PBXGroup; children = (379C7FD001FC4F6A8BCB4CA6, 47CFB8D449964E84A1E5571D, AA557E4ECD6448FDA01047D1, 94F43850A29E423AA19ECF55, 1793F319C52C4DB6B8E2A6D9, 5F3FE12C6AEF4A3B966F132C); path = DirectorDeck; sourceTree = "<group>"; };
		379C7FD001FC4F6A8BCB4CA6 /* App */ = {isa = PBXGroup; children = (4B4C676D42C1435DBDD1600D); path = App; sourceTree = "<group>"; };
		94F43850A29E423AA19ECF55 /* Components */ = {isa = PBXGroup; children = (15F4DD5A28D24C16AA6B69F9, B73D7B7654674FEE990B22AF); path = Components; sourceTree = "<group>"; };
		47CFB8D449964E84A1E5571D /* Models */ = {isa = PBXGroup; children = (C3138B2B3688461C9626CEB2, 8980CB8A97A14975807804DF, 95A51FCC7B5F448A94D00DFC, 1C2AA69221DD4FFE87A7A991, EB3CDCD87E7B4C05917FDACA, 75D2AD15CA574A5E9E61ADE0, 6B7ACFF6E8104D2087235B50); path = Models; sourceTree = "<group>"; };
		1793F319C52C4DB6B8E2A6D9 /* Services */ = {isa = PBXGroup; children = (A1B2C3D4E5F6A1B2C3D4E5F6, 05BA58F2E98544F4A7233F94, B45E8747CD1849639598541C, 25CA0704DB4544C6B156D176, 8076536BAF714ABF8C4EBC6A, 2193B5EBFDDD4A4A95397956, 987E302A40614B98A132B7FC, C130CCA79D3D46C4B292F730); path = Services; sourceTree = "<group>"; };
		AA557E4ECD6448FDA01047D1 /* Views */ = {isa = PBXGroup; children = (AABB112233445566AABB1122, 1E6C904B1FA84075B4D5E950, 46B0E2C1E7504CA68CD4E086, 89791B53DA8F4C1CAED5A98E, 81BA5B7EDF124BC7BCD99164, 03F353E0546946CF8FA2FC68, 765EDB12DC8C4F2EB6CFAA9F, C5B22EA14B624C73BE8310DD, 6E53AC1EC7754BD9A7AEC283, 804D46F810294AD3B5EAA012); path = Views; sourceTree = "<group>"; };
		1E6C904B1FA84075B4D5E950 /* Briefs */ = {isa = PBXGroup; children = (9E35BE0E11D64BC48832FA52); path = Briefs; sourceTree = "<group>"; };
		46B0E2C1E7504CA68CD4E086 /* Documents */ = {isa = PBXGroup; children = (E4F71F565D3F450E95BF6B94); path = Documents; sourceTree = "<group>"; };
		89791B53DA8F4C1CAED5A98E /* Interviews */ = {isa = PBXGroup; children = (959E489947154E4689AE22C9, 5A0BF5429261422999B860B2, 6E62AF85E2EF4F8790E0CC31, FD39D3F2FB62458CA33CECAF); path = Interviews; sourceTree = "<group>"; };
		81BA5B7EDF124BC7BCD99164 /* Projects */ = {isa = PBXGroup; children = (41A63E37B0414631B3AF4F43, E66663578B9546529636A176); path = Projects; sourceTree = "<group>"; };
		03F353E0546946CF8FA2FC68 /* ShootDay */ = {isa = PBXGroup; children = (754F05145D024767851086EC); path = ShootDay; sourceTree = "<group>"; };
		765EDB12DC8C4F2EB6CFAA9F /* ShotList */ = {isa = PBXGroup; children = (5A0E1048C6B9475A98239B61); path = ShotList; sourceTree = "<group>"; };
		C5B22EA14B624C73BE8310DD /* Sidebar */ = {isa = PBXGroup; children = (1786103EBF5343B8AFA752E8); path = Sidebar; sourceTree = "<group>"; };
		6E53AC1EC7754BD9A7AEC283 /* Storyboards */ = {isa = PBXGroup; children = (EE246238420A4699B83863E3); path = Storyboards; sourceTree = "<group>"; };
AABB112233445566AABB1122 /* Settings */ = {isa = PBXGroup; children = (B2C3D4E5F6A1B2C3D4E5F6A1); path = Settings; sourceTree = "<group>"; };
/* End PBXGroup section */
/* Begin PBXNativeTarget section */
		E01B78BB086B48AF802E3B1E = {isa = PBXNativeTarget; buildConfigurationList = 953B4E573C5B40AD8ED10EB0; buildPhases = (875599F26FCD46EC96BBCB9D, 8252BB374C5E49068F487D98, 6375BA127B2D429BA5FD7CFD); buildRules = (); dependencies = (); name = DirectorDeck; productName = DirectorDeck; productReference = 10A546B6221A40DC9EF42117; productType = "com.apple.product-type.application"; };
		D9D32DB21779423DB1A3A9A5 = {isa = PBXNativeTarget; buildConfigurationList = 15F59C550FC64207B57FAED9; buildPhases = (75C95E0EBFBF428491503564, F41F1E7AB37A4F5B87099338, 301791D037A1428EAD5B75BF); buildRules = (); dependencies = (B0D4F2488F27460EB60FF3D1); name = DirectorDeckUITests; productName = DirectorDeckUITests; productReference = C79B0824C13746C3AF970DF1; productType = "com.apple.product-type.bundle.ui-testing"; };
/* End PBXNativeTarget section */
/* Begin PBXProject section */
		38BD3F127AF04781B3F5806C = {isa = PBXProject; attributes = {BuildIndependentTargetsInParallel = 1; LastSwiftUpdateCheck = 1500; LastUpgradeCheck = 1500;}; buildConfigurationList = 9D248B9FF5C74B5BB02D495C; compatibilityVersion = "Xcode 14.0"; developmentRegion = en; hasScannedForEncodings = 0; knownRegions = (en, Base); mainGroup = 5A5D09B8AC8647BB8095F27F; productRefGroup = B291D81DA7534155AE95FEDC; projectDirPath = ""; projectRoot = ""; targets = (E01B78BB086B48AF802E3B1E, D9D32DB21779423DB1A3A9A5); };
/* End PBXProject section */
/* Begin PBXSourcesBuildPhase section */
		875599F26FCD46EC96BBCB9D = {isa = PBXSourcesBuildPhase; buildActionMask = 2147483647; files = (E5D4C3B2A1F6E5D4C3B2A1F6, F6E5D4C3B2A1F6E5D4C3B2A1, 29860D75AA21445B847AF947, D7A348BC4C544E65BE3F1C62, 59DB56878DC744EF819F74F9, C1C38D3CEF6F405C8350D926, 9CAEC8A8B1A14610B59D86C7, 810644ECECEB4BE89B19943D, B3040EC6E99041F9B7BA063E, D2E678C3DDE64B06AB02CA80, 9C5F2223D2DE4DBB9C881CD9, 71CC866D955847708AB562A3, 5386B59DBF1B47B2A596BE53, F258D4B6CEE4490C85F61C25, B76F8917BFBF4A80BFC6E39A, F70B75DE4B1D4A70B6FF444B, 5F77A82B08E74D2EB602884D, C59BCAB210B64C54900776C7, 79D08099BFC849E793C585D4, 309B69014F3B44CF8A6D3CE7, B4E34A3692B645EAB7FEA5C9, 9F245B9A4FB140D3B0F84B4D, 49136A71F58C437C904DC2FC, E9C582E1D93D49948A5EBC73, DC7ACFC378074D84970D7886, 6EB64EE1FDF74C379B0A2FC2, BC2454A01D45401C8AE2EB38, 3DA617DAB48144B7B9E149D8, 3E91BE9831644E51AD471882, 4EA81B43BD9D42C89C471AC9, CB7FE6FD01F94DA2B88E13BD, 477FA4FF86414FBA82F0F271); runOnlyForDeploymentPostprocessing = 0; };
		75C95E0EBFBF428491503564 = {isa = PBXSourcesBuildPhase; buildActionMask = 2147483647; files = (D456C01EDAA04BC5A933D061); runOnlyForDeploymentPostprocessing = 0; };
/* End PBXSourcesBuildPhase section */
/* Begin PBXResourcesBuildPhase section */
		6375BA127B2D429BA5FD7CFD = {isa = PBXResourcesBuildPhase; buildActionMask = 2147483647; files = (E7E889EBE4774D34A720DFF9); runOnlyForDeploymentPostprocessing = 0; };
		301791D037A1428EAD5B75BF = {isa = PBXResourcesBuildPhase; buildActionMask = 2147483647; files = (); runOnlyForDeploymentPostprocessing = 0; };
/* End PBXResourcesBuildPhase section */
/* Begin PBXFrameworksBuildPhase section */
		8252BB374C5E49068F487D98 = {isa = PBXFrameworksBuildPhase; buildActionMask = 2147483647; files = (); runOnlyForDeploymentPostprocessing = 0; };
		F41F1E7AB37A4F5B87099338 = {isa = PBXFrameworksBuildPhase; buildActionMask = 2147483647; files = (); runOnlyForDeploymentPostprocessing = 0; };
/* End PBXFrameworksBuildPhase section */
/* Begin PBXTargetDependency section */
		B0D4F2488F27460EB60FF3D1 = {isa = PBXTargetDependency; target = E01B78BB086B48AF802E3B1E; targetProxy = 808D2787D8094CCBA53FB2C7; };
/* End PBXTargetDependency section */
/* Begin XCBuildConfiguration section */
		D6438F6E11B8470E9594E547 /* Debug */ = {isa = XCBuildConfiguration; buildSettings = {ALWAYS_SEARCH_USER_PATHS = NO; CLANG_ENABLE_MODULES = YES; COPY_PHASE_STRIP = NO; DEBUG_INFORMATION_FORMAT = dwarf; ENABLE_STRICT_OBJC_MSGSEND = YES; ENABLE_TESTABILITY = YES; GCC_OPTIMIZATION_LEVEL = 0; GCC_PREPROCESSOR_DEFINITIONS = ("DEBUG=1", "$(inherited)"); IPHONEOS_DEPLOYMENT_TARGET = 17.0; MTL_ENABLE_DEBUG_INFO = INCLUDE_SOURCE; ONLY_ACTIVE_ARCH = YES; SDKROOT = iphoneos; SWIFT_ACTIVE_COMPILATION_CONDITIONS = "$(inherited) DEBUG"; SWIFT_OPTIMIZATION_LEVEL = "-Onone"; }; name = Debug; };
		CA6F2338B2854A7BB2643A44 /* Release */ = {isa = XCBuildConfiguration; buildSettings = {ALWAYS_SEARCH_USER_PATHS = NO; CLANG_ENABLE_MODULES = YES; COPY_PHASE_STRIP = NO; DEBUG_INFORMATION_FORMAT = "dwarf-with-dsym"; ENABLE_NS_ASSERTIONS = NO; ENABLE_STRICT_OBJC_MSGSEND = YES; IPHONEOS_DEPLOYMENT_TARGET = 17.0; MTL_ENABLE_DEBUG_INFO = NO; SDKROOT = iphoneos; SWIFT_COMPILATION_MODE = wholemodule; SWIFT_OPTIMIZATION_LEVEL = "-O"; VALIDATE_PRODUCT = YES; }; name = Release; };
		5EDEC3DB81044DDABB3943DF /* Debug */ = {isa = XCBuildConfiguration; buildSettings = {ASSETCATALOG_COMPILER_APPICON_NAME = AppIcon; ASSETCATALOG_COMPILER_GLOBAL_ACCENT_COLOR_NAME = AccentColor; CODE_SIGN_STYLE = Automatic; CURRENT_PROJECT_VERSION = 1; DEVELOPMENT_TEAM = A6TWDU6J28; GENERATE_INFOPLIST_FILE = YES; INFOPLIST_FILE = DirectorDeck/Info.plist; INFOPLIST_KEY_CFBundleDisplayName = DirectorDeck; INFOPLIST_KEY_LSApplicationCategoryType = "public.app-category.productivity"; INFOPLIST_KEY_UIApplicationSceneManifest_Generation = YES; INFOPLIST_KEY_UIApplicationSupportsIndirectInputEvents = YES; INFOPLIST_KEY_UILaunchScreen_Generation = YES; INFOPLIST_KEY_UISupportedInterfaceOrientations = "UIInterfaceOrientationLandscapeLeft UIInterfaceOrientationLandscapeRight UIInterfaceOrientationPortrait UIInterfaceOrientationPortraitUpsideDown"; INFOPLIST_KEY_UISupportsDocumentBrowser = YES; LD_RUNPATH_SEARCH_PATHS = ("$(inherited)", "@executable_path/Frameworks"); MARKETING_VERSION = 1.0; PRODUCT_BUNDLE_IDENTIFIER = com.erichernandez.DirectorDeck; PRODUCT_NAME = "$(TARGET_NAME)"; SUPPORTED_PLATFORMS = "iphoneos iphonesimulator"; SUPPORTS_MACCATALYST = NO; SWIFT_EMIT_LOC_STRINGS = YES; SWIFT_VERSION = 5.0; TARGETED_DEVICE_FAMILY = "1,2";}; name = Debug; };
		E9536F1771E6499682A7F6A0 /* Release */ = {isa = XCBuildConfiguration; buildSettings = {ASSETCATALOG_COMPILER_APPICON_NAME = AppIcon; ASSETCATALOG_COMPILER_GLOBAL_ACCENT_COLOR_NAME = AccentColor; CODE_SIGN_STYLE = Automatic; CURRENT_PROJECT_VERSION = 1; DEVELOPMENT_TEAM = A6TWDU6J28; GENERATE_INFOPLIST_FILE = YES; INFOPLIST_FILE = DirectorDeck/Info.plist; INFOPLIST_KEY_CFBundleDisplayName = DirectorDeck; INFOPLIST_KEY_LSApplicationCategoryType = "public.app-category.productivity"; INFOPLIST_KEY_UIApplicationSceneManifest_Generation = YES; INFOPLIST_KEY_UIApplicationSupportsIndirectInputEvents = YES; INFOPLIST_KEY_UILaunchScreen_Generation = YES; INFOPLIST_KEY_UISupportedInterfaceOrientations = "UIInterfaceOrientationLandscapeLeft UIInterfaceOrientationLandscapeRight UIInterfaceOrientationPortrait UIInterfaceOrientationPortraitUpsideDown"; INFOPLIST_KEY_UISupportsDocumentBrowser = YES; LD_RUNPATH_SEARCH_PATHS = ("$(inherited)", "@executable_path/Frameworks"); MARKETING_VERSION = 1.0; PRODUCT_BUNDLE_IDENTIFIER = com.erichernandez.DirectorDeck; PRODUCT_NAME = "$(TARGET_NAME)"; SUPPORTED_PLATFORMS = "iphoneos iphonesimulator"; SUPPORTS_MACCATALYST = NO; SWIFT_EMIT_LOC_STRINGS = YES; SWIFT_VERSION = 5.0; TARGETED_DEVICE_FAMILY = "1,2";}; name = Release; };
		2714A60A470343F5BF8BADAE /* Debug */ = {isa = XCBuildConfiguration; buildSettings = {CODE_SIGN_STYLE = Automatic; CURRENT_PROJECT_VERSION = 1; DEVELOPMENT_TEAM = A6TWDU6J28; GENERATE_INFOPLIST_FILE = YES; IPHONEOS_DEPLOYMENT_TARGET = 17.0; MARKETING_VERSION = 1.0; PRODUCT_BUNDLE_IDENTIFIER = com.erichernandez.DirectorDeckUITests; PRODUCT_NAME = "$(TARGET_NAME)"; SUPPORTED_PLATFORMS = "iphoneos iphonesimulator"; SWIFT_EMIT_LOC_STRINGS = NO; SWIFT_VERSION = 5.0; TARGETED_DEVICE_FAMILY = "1,2"; TEST_TARGET_NAME = DirectorDeck;}; name = Debug; };
		52EAC11D0C9C4E58B37FF5CF /* Release */ = {isa = XCBuildConfiguration; buildSettings = {CODE_SIGN_STYLE = Automatic; CURRENT_PROJECT_VERSION = 1; DEVELOPMENT_TEAM = A6TWDU6J28; GENERATE_INFOPLIST_FILE = YES; IPHONEOS_DEPLOYMENT_TARGET = 17.0; MARKETING_VERSION = 1.0; PRODUCT_BUNDLE_IDENTIFIER = com.erichernandez.DirectorDeckUITests; PRODUCT_NAME = "$(TARGET_NAME)"; SUPPORTED_PLATFORMS = "iphoneos iphonesimulator"; SWIFT_EMIT_LOC_STRINGS = NO; SWIFT_VERSION = 5.0; TARGETED_DEVICE_FAMILY = "1,2"; TEST_TARGET_NAME = DirectorDeck;}; name = Release; };
/* End XCBuildConfiguration section */
/* Begin XCConfigurationList section */
		9D248B9FF5C74B5BB02D495C = {isa = XCConfigurationList; buildConfigurations = (D6438F6E11B8470E9594E547, CA6F2338B2854A7BB2643A44); defaultConfigurationIsVisible = 0; defaultConfigurationName = Release; };
		953B4E573C5B40AD8ED10EB0 = {isa = XCConfigurationList; buildConfigurations = (5EDEC3DB81044DDABB3943DF, E9536F1771E6499682A7F6A0); defaultConfigurationIsVisible = 0; defaultConfigurationName = Release; };
		15F59C550FC64207B57FAED9 = {isa = XCConfigurationList; buildConfigurations = (2714A60A470343F5BF8BADAE, 52EAC11D0C9C4E58B37FF5CF); defaultConfigurationIsVisible = 0; defaultConfigurationName = Release; };
/* End XCConfigurationList section */
	};
	rootObject = 38BD3F127AF04781B3F5806C;
}